// !$*UTF8*$!
{
	archiveVersion = 1;
	classes = {
	};
	objectVersion = 46;
	objects = {

/* Begin PBXBuildFile section */
		380EA09A1EED9AFA00D13B69 /* UserProfileHeader.swift in Sources */ = {isa = PBXBuildFile; fileRef = 380EA0991EED9AFA00D13B69 /* UserProfileHeader.swift */; };
		3815A57F1EE30FF70032604D /* AppDelegate.swift in Sources */ = {isa = PBXBuildFile; fileRef = 3815A57E1EE30FF70032604D /* AppDelegate.swift */; };
		3815A5811EE30FF70032604D /* SignUpController.swift in Sources */ = {isa = PBXBuildFile; fileRef = 3815A5801EE30FF70032604D /* SignUpController.swift */; };
		3815A5841EE30FF70032604D /* Main.storyboard in Resources */ = {isa = PBXBuildFile; fileRef = 3815A5821EE30FF70032604D /* Main.storyboard */; };
		3815A5861EE30FF70032604D /* Assets.xcassets in Resources */ = {isa = PBXBuildFile; fileRef = 3815A5851EE30FF70032604D /* Assets.xcassets */; };
		3815A5891EE30FF70032604D /* LaunchScreen.storyboard in Resources */ = {isa = PBXBuildFile; fileRef = 3815A5871EE30FF70032604D /* LaunchScreen.storyboard */; };
		385655EF1F3720BF0042013A /* SearchViewController.swift in Sources */ = {isa = PBXBuildFile; fileRef = 385655EE1F3720BF0042013A /* SearchViewController.swift */; };
		385655F11F373C7E0042013A /* SearchListCell.swift in Sources */ = {isa = PBXBuildFile; fileRef = 385655F01F373C7E0042013A /* SearchListCell.swift */; };
		386372011EE3666900D47522 /* Extensions.swift in Sources */ = {isa = PBXBuildFile; fileRef = 386372001EE3666900D47522 /* Extensions.swift */; };
		388365D61F11830B002A7446 /* Post.swift in Sources */ = {isa = PBXBuildFile; fileRef = 388365D51F11830B002A7446 /* Post.swift */; };
		388365D81F118544002A7446 /* UserProfileCell.swift in Sources */ = {isa = PBXBuildFile; fileRef = 388365D71F118544002A7446 /* UserProfileCell.swift */; };
		38B7A2B81EF721EE00DA6964 /* PhotoSelectorCell.swift in Sources */ = {isa = PBXBuildFile; fileRef = 38B7A2B71EF721EE00DA6964 /* PhotoSelectorCell.swift */; };
		38B7B38F1EF2B40200B163A0 /* LoginController.swift in Sources */ = {isa = PBXBuildFile; fileRef = 38B7B38E1EF2B40200B163A0 /* LoginController.swift */; };
		38BD47301F1259B100AD2718 /* CustomImageView.swift in Sources */ = {isa = PBXBuildFile; fileRef = 38BD472F1F1259B100AD2718 /* CustomImageView.swift */; };
		38BD47321F12EBF600AD2718 /* HomeController.swift in Sources */ = {isa = PBXBuildFile; fileRef = 38BD47311F12EBF600AD2718 /* HomeController.swift */; };
		38BD47341F12F02C00AD2718 /* HomeCell.swift in Sources */ = {isa = PBXBuildFile; fileRef = 38BD47331F12F02C00AD2718 /* HomeCell.swift */; };
		38C1FB2B1EFFF08200197E53 /* SharePhotoController.swift in Sources */ = {isa = PBXBuildFile; fileRef = 38C1FB2A1EFFF08200197E53 /* SharePhotoController.swift */; };
		38C697B71EED5BFA00D7CF4A /* MainTabBarController.swift in Sources */ = {isa = PBXBuildFile; fileRef = 38C697B61EED5BFA00D7CF4A /* MainTabBarController.swift */; };
		38C697B91EED5C8000D7CF4A /* UserProfileController.swift in Sources */ = {isa = PBXBuildFile; fileRef = 38C697B81EED5C8000D7CF4A /* UserProfileController.swift */; };
		38D1C65F1EF6B5210068AAC4 /* PhotoSelectorController.swift in Sources */ = {isa = PBXBuildFile; fileRef = 38D1C65E1EF6B5210068AAC4 /* PhotoSelectorController.swift */; };
		38DE1ACA1F2555BB005864A4 /* User.swift in Sources */ = {isa = PBXBuildFile; fileRef = 38DE1AC91F2555BB005864A4 /* User.swift */; };
		38E883441EEA18C300A82582 /* GoogleService-Info.plist in Resources */ = {isa = PBXBuildFile; fileRef = 38E883431EEA18C300A82582 /* GoogleService-Info.plist */; };
		ACE992F0FF51BCD5C30A54CB /* Pods_instagram.framework in Frameworks */ = {isa = PBXBuildFile; fileRef = 4C5C7DEF968840339F35EA96 /* Pods_instagram.framework */; };
/* End PBXBuildFile section */

/* Begin PBXFileReference section */
		380EA0991EED9AFA00D13B69 /* UserProfileHeader.swift */ = {isa = PBXFileReference; fileEncoding = 4; lastKnownFileType = sourcecode.swift; path = UserProfileHeader.swift; sourceTree = "<group>"; };
		3815A57B1EE30FF70032604D /* instagram.app */ = {isa = PBXFileReference; explicitFileType = wrapper.application; includeInIndex = 0; path = instagram.app; sourceTree = BUILT_PRODUCTS_DIR; };
		3815A57E1EE30FF70032604D /* AppDelegate.swift */ = {isa = PBXFileReference; lastKnownFileType = sourcecode.swift; path = AppDelegate.swift; sourceTree = "<group>"; };
		3815A5801EE30FF70032604D /* SignUpController.swift */ = {isa = PBXFileReference; lastKnownFileType = sourcecode.swift; path = SignUpController.swift; sourceTree = "<group>"; };
		3815A5831EE30FF70032604D /* Base */ = {isa = PBXFileReference; lastKnownFileType = file.storyboard; name = Base; path = Base.lproj/Main.storyboard; sourceTree = "<group>"; };
		3815A5851EE30FF70032604D /* Assets.xcassets */ = {isa = PBXFileReference; lastKnownFileType = folder.assetcatalog; path = Assets.xcassets; sourceTree = "<group>"; };
		3815A5881EE30FF70032604D /* Base */ = {isa = PBXFileReference; lastKnownFileType = file.storyboard; name = Base; path = Base.lproj/LaunchScreen.storyboard; sourceTree = "<group>"; };
		3815A58A1EE30FF70032604D /* Info.plist */ = {isa = PBXFileReference; lastKnownFileType = text.plist.xml; path = Info.plist; sourceTree = "<group>"; };
		385655EE1F3720BF0042013A /* SearchViewController.swift */ = {isa = PBXFileReference; fileEncoding = 4; lastKnownFileType = sourcecode.swift; path = SearchViewController.swift; sourceTree = "<group>"; };
		385655F01F373C7E0042013A /* SearchListCell.swift */ = {isa = PBXFileReference; fileEncoding = 4; lastKnownFileType = sourcecode.swift; path = SearchListCell.swift; sourceTree = "<group>"; };
		386372001EE3666900D47522 /* Extensions.swift */ = {isa = PBXFileReference; fileEncoding = 4; lastKnownFileType = sourcecode.swift; path = Extensions.swift; sourceTree = "<group>"; };
		388365D51F11830B002A7446 /* Post.swift */ = {isa = PBXFileReference; fileEncoding = 4; lastKnownFileType = sourcecode.swift; path = Post.swift; sourceTree = "<group>"; };
		388365D71F118544002A7446 /* UserProfileCell.swift */ = {isa = PBXFileReference; fileEncoding = 4; lastKnownFileType = sourcecode.swift; path = UserProfileCell.swift; sourceTree = "<group>"; };
		38B7A2B71EF721EE00DA6964 /* PhotoSelectorCell.swift */ = {isa = PBXFileReference; fileEncoding = 4; lastKnownFileType = sourcecode.swift; path = PhotoSelectorCell.swift; sourceTree = "<group>"; };
		38B7B38E1EF2B40200B163A0 /* LoginController.swift */ = {isa = PBXFileReference; fileEncoding = 4; lastKnownFileType = sourcecode.swift; path = LoginController.swift; sourceTree = "<group>"; };
		38BD472F1F1259B100AD2718 /* CustomImageView.swift */ = {isa = PBXFileReference; fileEncoding = 4; lastKnownFileType = sourcecode.swift; path = CustomImageView.swift; sourceTree = "<group>"; };
		38BD47311F12EBF600AD2718 /* HomeController.swift */ = {isa = PBXFileReference; fileEncoding = 4; lastKnownFileType = sourcecode.swift; path = HomeController.swift; sourceTree = "<group>"; };
		38BD47331F12F02C00AD2718 /* HomeCell.swift */ = {isa = PBXFileReference; fileEncoding = 4; lastKnownFileType = sourcecode.swift; path = HomeCell.swift; sourceTree = "<group>"; };
		38C1FB2A1EFFF08200197E53 /* SharePhotoController.swift */ = {isa = PBXFileReference; fileEncoding = 4; lastKnownFileType = sourcecode.swift; path = SharePhotoController.swift; sourceTree = "<group>"; };
		38C697B61EED5BFA00D7CF4A /* MainTabBarController.swift */ = {isa = PBXFileReference; fileEncoding = 4; lastKnownFileType = sourcecode.swift; path = MainTabBarController.swift; sourceTree = "<group>"; };
		38C697B81EED5C8000D7CF4A /* UserProfileController.swift */ = {isa = PBXFileReference; fileEncoding = 4; lastKnownFileType = sourcecode.swift; path = UserProfileController.swift; sourceTree = "<group>"; };
		38D1C65E1EF6B5210068AAC4 /* PhotoSelectorController.swift */ = {isa = PBXFileReference; fileEncoding = 4; lastKnownFileType = sourcecode.swift; path = PhotoSelectorController.swift; sourceTree = "<group>"; };
		38DE1AC91F2555BB005864A4 /* User.swift */ = {isa = PBXFileReference; fileEncoding = 4; lastKnownFileType = sourcecode.swift; path = User.swift; sourceTree = "<group>"; };
		38E883431EEA18C300A82582 /* GoogleService-Info.plist */ = {isa = PBXFileReference; fileEncoding = 4; lastKnownFileType = text.plist.xml; name = "GoogleService-Info.plist"; path = "../../../Downloads/GoogleService-Info.plist"; sourceTree = "<group>"; };
		3A81FBC98D882646A591153E /* Pods-instagram.debug.xcconfig */ = {isa = PBXFileReference; includeInIndex = 1; lastKnownFileType = text.xcconfig; name = "Pods-instagram.debug.xcconfig"; path = "Pods/Target Support Files/Pods-instagram/Pods-instagram.debug.xcconfig"; sourceTree = "<group>"; };
		4C5C7DEF968840339F35EA96 /* Pods_instagram.framework */ = {isa = PBXFileReference; explicitFileType = wrapper.framework; includeInIndex = 0; path = Pods_instagram.framework; sourceTree = BUILT_PRODUCTS_DIR; };
		F044DCFA3318559C0A5C50E4 /* Pods-instagram.release.xcconfig */ = {isa = PBXFileReference; includeInIndex = 1; lastKnownFileType = text.xcconfig; name = "Pods-instagram.release.xcconfig"; path = "Pods/Target Support Files/Pods-instagram/Pods-instagram.release.xcconfig"; sourceTree = "<group>"; };
/* End PBXFileReference section */

/* Begin PBXFrameworksBuildPhase section */
		3815A5781EE30FF70032604D /* Frameworks */ = {
			isa = PBXFrameworksBuildPhase;
			buildActionMask = 2147483647;
			files = (
				ACE992F0FF51BCD5C30A54CB /* Pods_instagram.framework in Frameworks */,
			);
			runOnlyForDeploymentPostprocessing = 0;
		};
/* End PBXFrameworksBuildPhase section */

/* Begin PBXGroup section */
		374DACAC2FB00E3E8B9D516D /* Pods */ = {
			isa = PBXGroup;
			children = (
				3A81FBC98D882646A591153E /* Pods-instagram.debug.xcconfig */,
				F044DCFA3318559C0A5C50E4 /* Pods-instagram.release.xcconfig */,
			);
			name = Pods;
			sourceTree = "<group>";
		};
		380EA0981EED9AD800D13B69 /* UserProfile */ = {
			isa = PBXGroup;
			children = (
				38C697B81EED5C8000D7CF4A /* UserProfileController.swift */,
				380EA0991EED9AFA00D13B69 /* UserProfileHeader.swift */,
				388365D71F118544002A7446 /* UserProfileCell.swift */,
			);
			name = UserProfile;
			sourceTree = "<group>";
		};
		3815A5721EE30FF70032604D = {
			isa = PBXGroup;
			children = (
				3815A57D1EE30FF70032604D /* instagram */,
				3815A57C1EE30FF70032604D /* Products */,
				374DACAC2FB00E3E8B9D516D /* Pods */,
				F6BD82E4AF5CBE2D2A15BF89 /* Frameworks */,
			);
			sourceTree = "<group>";
		};
		3815A57C1EE30FF70032604D /* Products */ = {
			isa = PBXGroup;
			children = (
				3815A57B1EE30FF70032604D /* instagram.app */,
			);
			name = Products;
			sourceTree = "<group>";
		};
		3815A57D1EE30FF70032604D /* instagram */ = {
			isa = PBXGroup;
			children = (
				385655F21F373EAD0042013A /* Home */,
				385655ED1F3720870042013A /* Search */,
				38623B541F1256E100B85F04 /* Utils */,
				38623B511F1256BE00B85F04 /* Models */,
				38C1FB291EFFF06000197E53 /* AddPhoto */,
				38B7B38D1EF2B3D700B163A0 /* Login */,
				380EA0981EED9AD800D13B69 /* UserProfile */,
				3815A57E1EE30FF70032604D /* AppDelegate.swift */,
				38C697B61EED5BFA00D7CF4A /* MainTabBarController.swift */,
				3815A5821EE30FF70032604D /* Main.storyboard */,
				3815A5851EE30FF70032604D /* Assets.xcassets */,
				3815A5871EE30FF70032604D /* LaunchScreen.storyboard */,
				3815A58A1EE30FF70032604D /* Info.plist */,
				38E883431EEA18C300A82582 /* GoogleService-Info.plist */,
			);
			path = instagram;
			sourceTree = "<group>";
		};
		385655ED1F3720870042013A /* Search */ = {
			isa = PBXGroup;
			children = (
				385655EE1F3720BF0042013A /* SearchViewController.swift */,
				385655F01F373C7E0042013A /* SearchListCell.swift */,
			);
			name = Search;
			sourceTree = "<group>";
		};
		385655F21F373EAD0042013A /* Home */ = {
			isa = PBXGroup;
			children = (
				38BD47331F12F02C00AD2718 /* HomeCell.swift */,
				38BD47311F12EBF600AD2718 /* HomeController.swift */,
			);
			name = Home;
			sourceTree = "<group>";
		};
		38623B511F1256BE00B85F04 /* Models */ = {
			isa = PBXGroup;
			children = (
				388365D51F11830B002A7446 /* Post.swift */,
				38DE1AC91F2555BB005864A4 /* User.swift */,
			);
			name = Models;
			sourceTree = "<group>";
		};
		38623B541F1256E100B85F04 /* Utils */ = {
			isa = PBXGroup;
			children = (
				386372001EE3666900D47522 /* Extensions.swift */,
				38BD472F1F1259B100AD2718 /* CustomImageView.swift */,
			);
			name = Utils;
			sourceTree = "<group>";
		};
		38B7B38D1EF2B3D700B163A0 /* Login */ = {
			isa = PBXGroup;
			children = (
				38B7B38E1EF2B40200B163A0 /* LoginController.swift */,
				3815A5801EE30FF70032604D /* SignUpController.swift */,
			);
			name = Login;
			sourceTree = "<group>";
		};
		38C1FB291EFFF06000197E53 /* AddPhoto */ = {
			isa = PBXGroup;
			children = (
				38D1C65E1EF6B5210068AAC4 /* PhotoSelectorController.swift */,
				38B7A2B71EF721EE00DA6964 /* PhotoSelectorCell.swift */,
				38C1FB2A1EFFF08200197E53 /* SharePhotoController.swift */,
			);
			name = AddPhoto;
			sourceTree = "<group>";
		};
		F6BD82E4AF5CBE2D2A15BF89 /* Frameworks */ = {
			isa = PBXGroup;
			children = (
				4C5C7DEF968840339F35EA96 /* Pods_instagram.framework */,
			);
			name = Frameworks;
			sourceTree = "<group>";
		};
/* End PBXGroup section */

/* Begin PBXNativeTarget section */
		3815A57A1EE30FF70032604D /* instagram */ = {
			isa = PBXNativeTarget;
			buildConfigurationList = 3815A58D1EE30FF70032604D /* Build configuration list for PBXNativeTarget "instagram" */;
			buildPhases = (
				53A88B255686F49D7BDAF56F /* [CP] Check Pods Manifest.lock */,
				3815A5771EE30FF70032604D /* Sources */,
				3815A5781EE30FF70032604D /* Frameworks */,
				3815A5791EE30FF70032604D /* Resources */,
				760EFA3E627D7FC834091850 /* [CP] Embed Pods Frameworks */,
				3FBF0AF092F4229C32C11AFD /* [CP] Copy Pods Resources */,
			);
			buildRules = (
			);
			dependencies = (
			);
			name = instagram;
			productName = instagram;
			productReference = 3815A57B1EE30FF70032604D /* instagram.app */;
			productType = "com.apple.product-type.application";
		};
/* End PBXNativeTarget section */

/* Begin PBXProject section */
		3815A5731EE30FF70032604D /* Project object */ = {
			isa = PBXProject;
			attributes = {
				LastSwiftUpdateCheck = 0830;
				LastUpgradeCheck = 0830;
				ORGANIZATIONNAME = "Luiz Hammerli";
				TargetAttributes = {
					3815A57A1EE30FF70032604D = {
						CreatedOnToolsVersion = 8.3.2;
						ProvisioningStyle = Automatic;
					};
				};
			};
			buildConfigurationList = 3815A5761EE30FF70032604D /* Build configuration list for PBXProject "instagram" */;
			compatibilityVersion = "Xcode 3.2";
			developmentRegion = English;
			hasScannedForEncodings = 0;
			knownRegions = (
				en,
				Base,
			);
			mainGroup = 3815A5721EE30FF70032604D;
			productRefGroup = 3815A57C1EE30FF70032604D /* Products */;
			projectDirPath = "";
			projectRoot = "";
			targets = (
				3815A57A1EE30FF70032604D /* instagram */,
			);
		};
/* End PBXProject section */

/* Begin PBXResourcesBuildPhase section */
		3815A5791EE30FF70032604D /* Resources */ = {
			isa = PBXResourcesBuildPhase;
			buildActionMask = 2147483647;
			files = (
				3815A5891EE30FF70032604D /* LaunchScreen.storyboard in Resources */,
				38E883441EEA18C300A82582 /* GoogleService-Info.plist in Resources */,
				3815A5861EE30FF70032604D /* Assets.xcassets in Resources */,
				3815A5841EE30FF70032604D /* Main.storyboard in Resources */,
			);
			runOnlyForDeploymentPostprocessing = 0;
		};
/* End PBXResourcesBuildPhase section */

/* Begin PBXShellScriptBuildPhase section */
		3FBF0AF092F4229C32C11AFD /* [CP] Copy Pods Resources */ = {
			isa = PBXShellScriptBuildPhase;
			buildActionMask = 2147483647;
			files = (
			);
			inputPaths = (
			);
			name = "[CP] Copy Pods Resources";
			outputPaths = (
			);
			runOnlyForDeploymentPostprocessing = 0;
			shellPath = /bin/sh;
			shellScript = "\"${SRCROOT}/Pods/Target Support Files/Pods-instagram/Pods-instagram-resources.sh\"\n";
			showEnvVarsInLog = 0;
		};
		53A88B255686F49D7BDAF56F /* [CP] Check Pods Manifest.lock */ = {
			isa = PBXShellScriptBuildPhase;
			buildActionMask = 2147483647;
			files = (
			);
			inputPaths = (
			);
			name = "[CP] Check Pods Manifest.lock";
			outputPaths = (
			);
			runOnlyForDeploymentPostprocessing = 0;
			shellPath = /bin/sh;
			shellScript = "diff \"${PODS_PODFILE_DIR_PATH}/Podfile.lock\" \"${PODS_ROOT}/Manifest.lock\" > /dev/null\nif [ $? != 0 ] ; then\n    # print error to STDERR\n    echo \"error: The sandbox is not in sync with the Podfile.lock. Run 'pod install' or update your CocoaPods installation.\" >&2\n    exit 1\nfi\n";
			showEnvVarsInLog = 0;
		};
		760EFA3E627D7FC834091850 /* [CP] Embed Pods Frameworks */ = {
			isa = PBXShellScriptBuildPhase;
			buildActionMask = 2147483647;
			files = (
			);
			inputPaths = (
			);
			name = "[CP] Embed Pods Frameworks";
			outputPaths = (
			);
			runOnlyForDeploymentPostprocessing = 0;
			shellPath = /bin/sh;
			shellScript = "\"${SRCROOT}/Pods/Target Support Files/Pods-instagram/Pods-instagram-frameworks.sh\"\n";
			showEnvVarsInLog = 0;
		};
/* End PBXShellScriptBuildPhase section */

/* Begin PBXSourcesBuildPhase section */
		3815A5771EE30FF70032604D /* Sources */ = {
			isa = PBXSourcesBuildPhase;
			buildActionMask = 2147483647;
			files = (
				3815A5811EE30FF70032604D /* SignUpController.swift in Sources */,
				385655F11F373C7E0042013A /* SearchListCell.swift in Sources */,
				388365D61F11830B002A7446 /* Post.swift in Sources */,
				38BD47321F12EBF600AD2718 /* HomeController.swift in Sources */,
				385655EF1F3720BF0042013A /* SearchViewController.swift in Sources */,
				38B7A2B81EF721EE00DA6964 /* PhotoSelectorCell.swift in Sources */,
				38DE1ACA1F2555BB005864A4 /* User.swift in Sources */,
				38BD47341F12F02C00AD2718 /* HomeCell.swift in Sources */,
				386372011EE3666900D47522 /* Extensions.swift in Sources */,
				388365D81F118544002A7446 /* UserProfileCell.swift in Sources */,
				38C697B71EED5BFA00D7CF4A /* MainTabBarController.swift in Sources */,
				38C1FB2B1EFFF08200197E53 /* SharePhotoController.swift in Sources */,
				380EA09A1EED9AFA00D13B69 /* UserProfileHeader.swift in Sources */,
				38C697B91EED5C8000D7CF4A /* UserProfileController.swift in Sources */,
				3815A57F1EE30FF70032604D /* AppDelegate.swift in Sources */,
				38B7B38F1EF2B40200B163A0 /* LoginController.swift in Sources */,
				38D1C65F1EF6B5210068AAC4 /* PhotoSelectorController.swift in Sources */,
				38BD47301F1259B100AD2718 /* CustomImageView.swift in Sources */,
			);
			runOnlyForDeploymentPostprocessing = 0;
		};
/* End PBXSourcesBuildPhase section */

/* Begin PBXVariantGroup section */
		3815A5821EE30FF70032604D /* Main.storyboard */ = {
			isa = PBXVariantGroup;
			children = (
				3815A5831EE30FF70032604D /* Base */,
			);
			name = Main.storyboard;
			sourceTree = "<group>";
		};
		3815A5871EE30FF70032604D /* LaunchScreen.storyboard */ = {
			isa = PBXVariantGroup;
			children = (
				3815A5881EE30FF70032604D /* Base */,
			);
			name = LaunchScreen.storyboard;
			sourceTree = "<group>";
		};
/* End PBXVariantGroup section */

/* Begin XCBuildConfiguration section */
		3815A58B1EE30FF70032604D /* Debug */ = {
			isa = XCBuildConfiguration;
			buildSettings = {
				ALWAYS_SEARCH_USER_PATHS = NO;
				CLANG_ANALYZER_NONNULL = YES;
				CLANG_ANALYZER_NUMBER_OBJECT_CONVERSION = YES_AGGRESSIVE;
				CLANG_CXX_LANGUAGE_STANDARD = "gnu++0x";
				CLANG_CXX_LIBRARY = "libc++";
				CLANG_ENABLE_MODULES = YES;
				CLANG_ENABLE_OBJC_ARC = YES;
				CLANG_WARN_BOOL_CONVERSION = YES;
				CLANG_WARN_CONSTANT_CONVERSION = YES;
				CLANG_WARN_DIRECT_OBJC_ISA_USAGE = YES_ERROR;
				CLANG_WARN_DOCUMENTATION_COMMENTS = YES;
				CLANG_WARN_EMPTY_BODY = YES;
				CLANG_WARN_ENUM_CONVERSION = YES;
				CLANG_WARN_INFINITE_RECURSION = YES;
				CLANG_WARN_INT_CONVERSION = YES;
				CLANG_WARN_OBJC_ROOT_CLASS = YES_ERROR;
				CLANG_WARN_SUSPICIOUS_MOVE = YES;
				CLANG_WARN_UNREACHABLE_CODE = YES;
				CLANG_WARN__DUPLICATE_METHOD_MATCH = YES;
				"CODE_SIGN_IDENTITY[sdk=iphoneos*]" = "iPhone Developer";
				COPY_PHASE_STRIP = NO;
				DEBUG_INFORMATION_FORMAT = dwarf;
				ENABLE_STRICT_OBJC_MSGSEND = YES;
				ENABLE_TESTABILITY = YES;
				GCC_C_LANGUAGE_STANDARD = gnu99;
				GCC_DYNAMIC_NO_PIC = NO;
				GCC_NO_COMMON_BLOCKS = YES;
				GCC_OPTIMIZATION_LEVEL = 0;
				GCC_PREPROCESSOR_DEFINITIONS = (
					"DEBUG=1",
					"$(inherited)",
				);
				GCC_WARN_64_TO_32_BIT_CONVERSION = YES;
				GCC_WARN_ABOUT_RETURN_TYPE = YES_ERROR;
				GCC_WARN_UNDECLARED_SELECTOR = YES;
				GCC_WARN_UNINITIALIZED_AUTOS = YES_AGGRESSIVE;
				GCC_WARN_UNUSED_FUNCTION = YES;
				GCC_WARN_UNUSED_VARIABLE = YES;
				IPHONEOS_DEPLOYMENT_TARGET = 10.3;
				MTL_ENABLE_DEBUG_INFO = YES;
				ONLY_ACTIVE_ARCH = YES;
				SDKROOT = iphoneos;
				SWIFT_ACTIVE_COMPILATION_CONDITIONS = DEBUG;
				SWIFT_OPTIMIZATION_LEVEL = "-Onone";
				TARGETED_DEVICE_FAMILY = "1,2";
			};
			name = Debug;
		};
		3815A58C1EE30FF70032604D /* Release */ = {
			isa = XCBuildConfiguration;
			buildSettings = {
				ALWAYS_SEARCH_USER_PATHS = NO;
				CLANG_ANALYZER_NONNULL = YES;
				CLANG_ANALYZER_NUMBER_OBJECT_CONVERSION = YES_AGGRESSIVE;
				CLANG_CXX_LANGUAGE_STANDARD = "gnu++0x";
				CLANG_CXX_LIBRARY = "libc++";
				CLANG_ENABLE_MODULES = YES;
				CLANG_ENABLE_OBJC_ARC = YES;
				CLANG_WARN_BOOL_CONVERSION = YES;
				CLANG_WARN_CONSTANT_CONVERSION = YES;
				CLANG_WARN_DIRECT_OBJC_ISA_USAGE = YES_ERROR;
				CLANG_WARN_DOCUMENTATION_COMMENTS = YES;
				CLANG_WARN_EMPTY_BODY = YES;
				CLANG_WARN_ENUM_CONVERSION = YES;
				CLANG_WARN_INFINITE_RECURSION = YES;
				CLANG_WARN_INT_CONVERSION = YES;
				CLANG_WARN_OBJC_ROOT_CLASS = YES_ERROR;
				CLANG_WARN_SUSPICIOUS_MOVE = YES;
				CLANG_WARN_UNREACHABLE_CODE = YES;
				CLANG_WARN__DUPLICATE_METHOD_MATCH = YES;
				"CODE_SIGN_IDENTITY[sdk=iphoneos*]" = "iPhone Developer";
				COPY_PHASE_STRIP = NO;
				DEBUG_INFORMATION_FORMAT = "dwarf-with-dsym";
				ENABLE_NS_ASSERTIONS = NO;
				ENABLE_STRICT_OBJC_MSGSEND = YES;
				GCC_C_LANGUAGE_STANDARD = gnu99;
				GCC_NO_COMMON_BLOCKS = YES;
				GCC_WARN_64_TO_32_BIT_CONVERSION = YES;
				GCC_WARN_ABOUT_RETURN_TYPE = YES_ERROR;
				GCC_WARN_UNDECLARED_SELECTOR = YES;
				GCC_WARN_UNINITIALIZED_AUTOS = YES_AGGRESSIVE;
				GCC_WARN_UNUSED_FUNCTION = YES;
				GCC_WARN_UNUSED_VARIABLE = YES;
				IPHONEOS_DEPLOYMENT_TARGET = 10.3;
				MTL_ENABLE_DEBUG_INFO = NO;
				SDKROOT = iphoneos;
				SWIFT_OPTIMIZATION_LEVEL = "-Owholemodule";
				TARGETED_DEVICE_FAMILY = "1,2";
				VALIDATE_PRODUCT = YES;
			};
			name = Release;
		};
		3815A58E1EE30FF70032604D /* Debug */ = {
			isa = XCBuildConfiguration;
			baseConfigurationReference = 3A81FBC98D882646A591153E /* Pods-instagram.debug.xcconfig */;
			buildSettings = {
				ASSETCATALOG_COMPILER_APPICON_NAME = AppIcon;
				INFOPLIST_FILE = instagram/Info.plist;
				LD_RUNPATH_SEARCH_PATHS = "$(inherited) @executable_path/Frameworks";
				PRODUCT_BUNDLE_IDENTIFIER = App.instagram;
				PRODUCT_NAME = "$(TARGET_NAME)";
				SWIFT_VERSION = 3.0;
			};
			name = Debug;
		};
		3815A58F1EE30FF70032604D /* Release */ = {
			isa = XCBuildConfiguration;
			baseConfigurationReference = F044DCFA3318559C0A5C50E4 /* Pods-instagram.release.xcconfig */;
			buildSettings = {
				ASSETCATALOG_COMPILER_APPICON_NAME = AppIcon;
				INFOPLIST_FILE = instagram/Info.plist;
				LD_RUNPATH_SEARCH_PATHS = "$(inherited) @executable_path/Frameworks";
				PRODUCT_BUNDLE_IDENTIFIER = App.instagram;
				PRODUCT_NAME = "$(TARGET_NAME)";
				SWIFT_VERSION = 3.0;
			};
			name = Release;
		};
/* End XCBuildConfiguration section */

/* Begin XCConfigurationList section */
		3815A5761EE30FF70032604D /* Build configuration list for PBXProject "instagram" */ = {
			isa = XCConfigurationList;
			buildConfigurations = (
				3815A58B1EE30FF70032604D /* Debug */,
				3815A58C1EE30FF70032604D /* Release */,
			);
			defaultConfigurationIsVisible = 0;
			defaultConfigurationName = Release;
		};
		3815A58D1EE30FF70032604D /* Build configuration list for PBXNativeTarget "instagram" */ = {
			isa = XCConfigurationList;
			buildConfigurations = (
				3815A58E1EE30FF70032604D /* Debug */,
				3815A58F1EE30FF70032604D /* Release */,
			);
			defaultConfigurationIsVisible = 0;
			defaultConfigurationName = Release;
		};
/* End XCConfigurationList section */
	};
	rootObject = 3815A5731EE30FF70032604D /* Project object */;
}
